
Microsoft Visual Studio Solution File, Format Version 12.00
Project("{FAE04EC0-301F-11D3-BF4B-00C04F79EFBC}") = "INA-Generations", "INA-Generations\INA-Generations\INA-Generations.csproj", "{B00AFE96-1233-45CE-8205-9C67344ABF28}"
EndProject
Project("{FAE04EC0-301F-11D3-BF4B-00C04F79EFBC}") = "INA-Generations.Gtk", "INA-Generations\INA-Generations.Gtk\INA-Generations.Gtk.csproj", "{A92FEA69-B282-4FC4-A96A-0672DCF24EC0}"
EndProject
Project("{FAE04EC0-301F-11D3-BF4B-00C04F79EFBC}") = "INA-Generations.Mac", "INA-Generations\INA-Generations.Mac\INA-Generations.Mac.csproj", "{541A778C-4E31-4DB6-A9E2-D34921D97549}"
EndProject
Project("{FAE04EC0-301F-11D3-BF4B-00C04F79EFBC}") = "INA-Generations.Wpf", "INA-Generations\INA-Generations.Wpf\INA-Generations.Wpf.csproj", "{B0EA0CB0-14EA-4DD5-A4F8-65F7DF195053}"
EndProject
Global
	GlobalSection(SolutionConfigurationPlatforms) = preSolution
		Debug|Any CPU = Debug|Any CPU
		Release|Any CPU = Release|Any CPU
	EndGlobalSection
	GlobalSection(ProjectConfigurationPlatforms) = postSolution
		{B00AFE96-1233-45CE-8205-9C67344ABF28}.Debug|Any CPU.ActiveCfg = Debug|Any CPU
		{B00AFE96-1233-45CE-8205-9C67344ABF28}.Debug|Any CPU.Build.0 = Debug|Any CPU
		{B00AFE96-1233-45CE-8205-9C67344ABF28}.Release|Any CPU.ActiveCfg = Release|Any CPU
		{B00AFE96-1233-45CE-8205-9C67344ABF28}.Release|Any CPU.Build.0 = Release|Any CPU
		{A92FEA69-B282-4FC4-A96A-0672DCF24EC0}.Debug|Any CPU.ActiveCfg = Debug|Any CPU
		{A92FEA69-B282-4FC4-A96A-0672DCF24EC0}.Debug|Any CPU.Build.0 = Debug|Any CPU
		{A92FEA69-B282-4FC4-A96A-0672DCF24EC0}.Release|Any CPU.ActiveCfg = Release|Any CPU
		{A92FEA69-B282-4FC4-A96A-0672DCF24EC0}.Release|Any CPU.Build.0 = Release|Any CPU
		{541A778C-4E31-4DB6-A9E2-D34921D97549}.Debug|Any CPU.ActiveCfg = Debug|Any CPU
		{541A778C-4E31-4DB6-A9E2-D34921D97549}.Debug|Any CPU.Build.0 = Debug|Any CPU
		{541A778C-4E31-4DB6-A9E2-D34921D97549}.Debug|Any CPU.Deploy.0 = Debug|Any CPU
		{541A778C-4E31-4DB6-A9E2-D34921D97549}.Release|Any CPU.ActiveCfg = Release|Any CPU
		{541A778C-4E31-4DB6-A9E2-D34921D97549}.Release|Any CPU.Build.0 = Release|Any CPU
		{B0EA0CB0-14EA-4DD5-A4F8-65F7DF195053}.Debug|Any CPU.ActiveCfg = Debug|Any CPU
		{B0EA0CB0-14EA-4DD5-A4F8-65F7DF195053}.Debug|Any CPU.Build.0 = Debug|Any CPU
		{B0EA0CB0-14EA-4DD5-A4F8-65F7DF195053}.Release|Any CPU.ActiveCfg = Release|Any CPU
		{B0EA0CB0-14EA-4DD5-A4F8-65F7DF195053}.Release|Any CPU.Build.0 = Release|Any CPU
		{B0EA0CB0-14EA-4DD5-A4F8-65F7DF195053}.Release|Any CPU.Deploy.0 = Release|Any CPU
	EndGlobalSection
EndGlobal
